// !$*UTF8*$!
{
	archiveVersion = 1;
	classes = {
	};
	objectVersion = 50;
	objects = {

/* Begin PBXBuildFile section */
		F772A307252BAF2F00A3F898 /* FilterListItemsProtocol.swift in Sources */ = {isa = PBXBuildFile; fileRef = F772A306252BAF2F00A3F898 /* FilterListItemsProtocol.swift */; };
		F772A309252BAF5500A3F898 /* FilterListItemManager.swift in Sources */ = {isa = PBXBuildFile; fileRef = F772A308252BAF5500A3F898 /* FilterListItemManager.swift */; };
		F772A30D252BC3C300A3F898 /* UIView.swift in Sources */ = {isa = PBXBuildFile; fileRef = F772A30C252BC3C300A3F898 /* UIView.swift */; };
		F772A313252BD17600A3F898 /* ItemDetailsViewController.swift in Sources */ = {isa = PBXBuildFile; fileRef = F772A312252BD17600A3F898 /* ItemDetailsViewController.swift */; };
		F772A315252BD19B00A3F898 /* ItemDetailsPresenter.swift in Sources */ = {isa = PBXBuildFile; fileRef = F772A314252BD19B00A3F898 /* ItemDetailsPresenter.swift */; };
		F772A317252BD1C800A3F898 /* ItemDetailsRouter.swift in Sources */ = {isa = PBXBuildFile; fileRef = F772A316252BD1C800A3F898 /* ItemDetailsRouter.swift */; };
		F772A319252BD21B00A3F898 /* ItemDetailsContract.swift in Sources */ = {isa = PBXBuildFile; fileRef = F772A318252BD21B00A3F898 /* ItemDetailsContract.swift */; };
		F772A31B252BD58E00A3F898 /* StaticLabel.swift in Sources */ = {isa = PBXBuildFile; fileRef = F772A31A252BD58E00A3F898 /* StaticLabel.swift */; };
		F772A31D252BD5C400A3F898 /* SeparatorView.swift in Sources */ = {isa = PBXBuildFile; fileRef = F772A31C252BD5C400A3F898 /* SeparatorView.swift */; };
		F772A321252BD85500A3F898 /* ItemDetailsAdapterProtocol.swift in Sources */ = {isa = PBXBuildFile; fileRef = F772A320252BD85500A3F898 /* ItemDetailsAdapterProtocol.swift */; };
		F772A323252BD88500A3F898 /* ItemDetailsAdapterManager.swift in Sources */ = {isa = PBXBuildFile; fileRef = F772A322252BD88500A3F898 /* ItemDetailsAdapterManager.swift */; };
		F772A326252BDF4900A3F898 /* ItemDetailsInteractor.swift in Sources */ = {isa = PBXBuildFile; fileRef = F772A325252BDF4900A3F898 /* ItemDetailsInteractor.swift */; };
		F772A328252BE90300A3F898 /* UIViewController.swift in Sources */ = {isa = PBXBuildFile; fileRef = F772A327252BE90300A3F898 /* UIViewController.swift */; };
		F7B86D87252B8572006C3ACE /* CategoryRemoteWorker.swift in Sources */ = {isa = PBXBuildFile; fileRef = F7B86D86252B8572006C3ACE /* CategoryRemoteWorker.swift */; };
		F7B86D89252B859D006C3ACE /* ItemRemoteWorker.swift in Sources */ = {isa = PBXBuildFile; fileRef = F7B86D88252B859D006C3ACE /* ItemRemoteWorker.swift */; };
		F7B86D8C252B940E006C3ACE /* SortItemsProtocol.swift in Sources */ = {isa = PBXBuildFile; fileRef = F7B86D8B252B940E006C3ACE /* SortItemsProtocol.swift */; };
		F7B86D8F252B9455006C3ACE /* SortItemsManager.swift in Sources */ = {isa = PBXBuildFile; fileRef = F7B86D8E252B9455006C3ACE /* SortItemsManager.swift */; };
		F7B86D91252B9486006C3ACE /* String.swift in Sources */ = {isa = PBXBuildFile; fileRef = F7B86D90252B9486006C3ACE /* String.swift */; };
		F7B86D94252BAC84006C3ACE /* ListItemsAdapterProtocol.swift in Sources */ = {isa = PBXBuildFile; fileRef = F7B86D93252BAC84006C3ACE /* ListItemsAdapterProtocol.swift */; };
		F7B86D96252BACAC006C3ACE /* ListItemsAdapterManager.swift in Sources */ = {isa = PBXBuildFile; fileRef = F7B86D95252BACAC006C3ACE /* ListItemsAdapterManager.swift */; };
		F7B86D98252BAD20006C3ACE /* Date.swift in Sources */ = {isa = PBXBuildFile; fileRef = F7B86D97252BAD20006C3ACE /* Date.swift */; };
		F7B86D9A252BAD42006C3ACE /* Double.swift in Sources */ = {isa = PBXBuildFile; fileRef = F7B86D99252BAD42006C3ACE /* Double.swift */; };
		F7ECA83F252B5C9F00B42E74 /* AppDelegate.swift in Sources */ = {isa = PBXBuildFile; fileRef = F7ECA83E252B5C9F00B42E74 /* AppDelegate.swift */; };
		F7ECA841252B5C9F00B42E74 /* SceneDelegate.swift in Sources */ = {isa = PBXBuildFile; fileRef = F7ECA840252B5C9F00B42E74 /* SceneDelegate.swift */; };
		F7ECA846252B5C9F00B42E74 /* Main.storyboard in Resources */ = {isa = PBXBuildFile; fileRef = F7ECA844252B5C9F00B42E74 /* Main.storyboard */; };
		F7ECA848252B5CA300B42E74 /* Assets.xcassets in Resources */ = {isa = PBXBuildFile; fileRef = F7ECA847252B5CA300B42E74 /* Assets.xcassets */; };
		F7ECA84B252B5CA300B42E74 /* LaunchScreen.storyboard in Resources */ = {isa = PBXBuildFile; fileRef = F7ECA849252B5CA300B42E74 /* LaunchScreen.storyboard */; };
		F7ECA856252B5CA300B42E74 /* Exercice_iOS_OZroudTests.swift in Sources */ = {isa = PBXBuildFile; fileRef = F7ECA855252B5CA300B42E74 /* Exercice_iOS_OZroudTests.swift */; };
		F7ECA862252B5E6100B42E74 /* APIRequest.swift in Sources */ = {isa = PBXBuildFile; fileRef = F7ECA861252B5E6100B42E74 /* APIRequest.swift */; };
		F7ECA864252B5E8F00B42E74 /* APIError.swift in Sources */ = {isa = PBXBuildFile; fileRef = F7ECA863252B5E8F00B42E74 /* APIError.swift */; };
		F7ECA866252B5ECF00B42E74 /* APIManager.swift in Sources */ = {isa = PBXBuildFile; fileRef = F7ECA865252B5ECF00B42E74 /* APIManager.swift */; };
		F7ECA868252B5F5500B42E74 /* Constants.swift in Sources */ = {isa = PBXBuildFile; fileRef = F7ECA867252B5F5500B42E74 /* Constants.swift */; };
		F7ECA86C252B5FD600B42E74 /* Item.swift in Sources */ = {isa = PBXBuildFile; fileRef = F7ECA86B252B5FD600B42E74 /* Item.swift */; };
		F7ECA86E252B601500B42E74 /* ImageURL.swift in Sources */ = {isa = PBXBuildFile; fileRef = F7ECA86D252B601500B42E74 /* ImageURL.swift */; };
		F7ECA870252B603A00B42E74 /* Category.swift in Sources */ = {isa = PBXBuildFile; fileRef = F7ECA86F252B603A00B42E74 /* Category.swift */; };
		F7ECA874252B641500B42E74 /* ListItemRequest.swift in Sources */ = {isa = PBXBuildFile; fileRef = F7ECA873252B641500B42E74 /* ListItemRequest.swift */; };
		F7ECA876252B643500B42E74 /* ListCategoryRequest.swift in Sources */ = {isa = PBXBuildFile; fileRef = F7ECA875252B643500B42E74 /* ListCategoryRequest.swift */; };
		F7ECA87E252B6AD100B42E74 /* ListItemContract.swift in Sources */ = {isa = PBXBuildFile; fileRef = F7ECA87D252B6AD100B42E74 /* ListItemContract.swift */; };
		F7ECA880252B6B2000B42E74 /* ListItemViewController.swift in Sources */ = {isa = PBXBuildFile; fileRef = F7ECA87F252B6B2000B42E74 /* ListItemViewController.swift */; };
		F7ECA882252B6B4E00B42E74 /* ListItemPresenter.swift in Sources */ = {isa = PBXBuildFile; fileRef = F7ECA881252B6B4E00B42E74 /* ListItemPresenter.swift */; };
		F7ECA884252B6B6F00B42E74 /* ListItemRouter.swift in Sources */ = {isa = PBXBuildFile; fileRef = F7ECA883252B6B6F00B42E74 /* ListItemRouter.swift */; };
		F7ECA886252B6B8C00B42E74 /* ListItemInteractor.swift in Sources */ = {isa = PBXBuildFile; fileRef = F7ECA885252B6B8C00B42E74 /* ListItemInteractor.swift */; };
		F7ECA88B252B748E00B42E74 /* CommonCollectionView.swift in Sources */ = {isa = PBXBuildFile; fileRef = F7ECA88A252B748E00B42E74 /* CommonCollectionView.swift */; };
		F7ECA88D252B75E100B42E74 /* CategoryCollectionViewCell.swift in Sources */ = {isa = PBXBuildFile; fileRef = F7ECA88C252B75E100B42E74 /* CategoryCollectionViewCell.swift */; };
		F7ECA88F252B760800B42E74 /* ItemCollectionViewCell.swift in Sources */ = {isa = PBXBuildFile; fileRef = F7ECA88E252B760800B42E74 /* ItemCollectionViewCell.swift */; };
		F7ECA892252B767E00B42E74 /* CommonLabel.swift in Sources */ = {isa = PBXBuildFile; fileRef = F7ECA891252B767E00B42E74 /* CommonLabel.swift */; };
		F7ECA894252B7A4100B42E74 /* UIImage.swift in Sources */ = {isa = PBXBuildFile; fileRef = F7ECA893252B7A4100B42E74 /* UIImage.swift */; };
/* End PBXBuildFile section */

/* Begin PBXContainerItemProxy section */
		F7ECA852252B5CA300B42E74 /* PBXContainerItemProxy */ = {
			isa = PBXContainerItemProxy;
			containerPortal = F7ECA833252B5C9F00B42E74 /* Project object */;
			proxyType = 1;
			remoteGlobalIDString = F7ECA83A252B5C9F00B42E74;
			remoteInfo = Exercice_iOS_OZroud;
		};
/* End PBXContainerItemProxy section */

/* Begin PBXFileReference section */
		F772A306252BAF2F00A3F898 /* FilterListItemsProtocol.swift */ = {isa = PBXFileReference; lastKnownFileType = sourcecode.swift; path = FilterListItemsProtocol.swift; sourceTree = "<group>"; };
		F772A308252BAF5500A3F898 /* FilterListItemManager.swift */ = {isa = PBXFileReference; lastKnownFileType = sourcecode.swift; path = FilterListItemManager.swift; sourceTree = "<group>"; };
		F772A30C252BC3C300A3F898 /* UIView.swift */ = {isa = PBXFileReference; lastKnownFileType = sourcecode.swift; path = UIView.swift; sourceTree = "<group>"; };
		F772A312252BD17600A3F898 /* ItemDetailsViewController.swift */ = {isa = PBXFileReference; lastKnownFileType = sourcecode.swift; path = ItemDetailsViewController.swift; sourceTree = "<group>"; };
		F772A314252BD19B00A3F898 /* ItemDetailsPresenter.swift */ = {isa = PBXFileReference; lastKnownFileType = sourcecode.swift; path = ItemDetailsPresenter.swift; sourceTree = "<group>"; };
		F772A316252BD1C800A3F898 /* ItemDetailsRouter.swift */ = {isa = PBXFileReference; lastKnownFileType = sourcecode.swift; path = ItemDetailsRouter.swift; sourceTree = "<group>"; };
		F772A318252BD21B00A3F898 /* ItemDetailsContract.swift */ = {isa = PBXFileReference; lastKnownFileType = sourcecode.swift; path = ItemDetailsContract.swift; sourceTree = "<group>"; };
		F772A31A252BD58E00A3F898 /* StaticLabel.swift */ = {isa = PBXFileReference; lastKnownFileType = sourcecode.swift; path = StaticLabel.swift; sourceTree = "<group>"; };
		F772A31C252BD5C400A3F898 /* SeparatorView.swift */ = {isa = PBXFileReference; lastKnownFileType = sourcecode.swift; path = SeparatorView.swift; sourceTree = "<group>"; };
		F772A320252BD85500A3F898 /* ItemDetailsAdapterProtocol.swift */ = {isa = PBXFileReference; lastKnownFileType = sourcecode.swift; path = ItemDetailsAdapterProtocol.swift; sourceTree = "<group>"; };
		F772A322252BD88500A3F898 /* ItemDetailsAdapterManager.swift */ = {isa = PBXFileReference; lastKnownFileType = sourcecode.swift; path = ItemDetailsAdapterManager.swift; sourceTree = "<group>"; };
		F772A325252BDF4900A3F898 /* ItemDetailsInteractor.swift */ = {isa = PBXFileReference; lastKnownFileType = sourcecode.swift; path = ItemDetailsInteractor.swift; sourceTree = "<group>"; };
		F772A327252BE90300A3F898 /* UIViewController.swift */ = {isa = PBXFileReference; lastKnownFileType = sourcecode.swift; path = UIViewController.swift; sourceTree = "<group>"; };
		F7B86D86252B8572006C3ACE /* CategoryRemoteWorker.swift */ = {isa = PBXFileReference; lastKnownFileType = sourcecode.swift; path = CategoryRemoteWorker.swift; sourceTree = "<group>"; };
		F7B86D88252B859D006C3ACE /* ItemRemoteWorker.swift */ = {isa = PBXFileReference; lastKnownFileType = sourcecode.swift; path = ItemRemoteWorker.swift; sourceTree = "<group>"; };
		F7B86D8B252B940E006C3ACE /* SortItemsProtocol.swift */ = {isa = PBXFileReference; lastKnownFileType = sourcecode.swift; path = SortItemsProtocol.swift; sourceTree = "<group>"; };
		F7B86D8E252B9455006C3ACE /* SortItemsManager.swift */ = {isa = PBXFileReference; lastKnownFileType = sourcecode.swift; path = SortItemsManager.swift; sourceTree = "<group>"; };
		F7B86D90252B9486006C3ACE /* String.swift */ = {isa = PBXFileReference; lastKnownFileType = sourcecode.swift; path = String.swift; sourceTree = "<group>"; };
		F7B86D93252BAC84006C3ACE /* ListItemsAdapterProtocol.swift */ = {isa = PBXFileReference; lastKnownFileType = sourcecode.swift; path = ListItemsAdapterProtocol.swift; sourceTree = "<group>"; };
		F7B86D95252BACAC006C3ACE /* ListItemsAdapterManager.swift */ = {isa = PBXFileReference; lastKnownFileType = sourcecode.swift; path = ListItemsAdapterManager.swift; sourceTree = "<group>"; };
		F7B86D97252BAD20006C3ACE /* Date.swift */ = {isa = PBXFileReference; lastKnownFileType = sourcecode.swift; path = Date.swift; sourceTree = "<group>"; };
		F7B86D99252BAD42006C3ACE /* Double.swift */ = {isa = PBXFileReference; lastKnownFileType = sourcecode.swift; path = Double.swift; sourceTree = "<group>"; };
		F7ECA83B252B5C9F00B42E74 /* Exercice_iOS_OZroud.app */ = {isa = PBXFileReference; explicitFileType = wrapper.application; includeInIndex = 0; path = Exercice_iOS_OZroud.app; sourceTree = BUILT_PRODUCTS_DIR; };
		F7ECA83E252B5C9F00B42E74 /* AppDelegate.swift */ = {isa = PBXFileReference; lastKnownFileType = sourcecode.swift; path = AppDelegate.swift; sourceTree = "<group>"; };
		F7ECA840252B5C9F00B42E74 /* SceneDelegate.swift */ = {isa = PBXFileReference; lastKnownFileType = sourcecode.swift; path = SceneDelegate.swift; sourceTree = "<group>"; };
		F7ECA845252B5C9F00B42E74 /* Base */ = {isa = PBXFileReference; lastKnownFileType = file.storyboard; name = Base; path = Base.lproj/Main.storyboard; sourceTree = "<group>"; };
		F7ECA847252B5CA300B42E74 /* Assets.xcassets */ = {isa = PBXFileReference; lastKnownFileType = folder.assetcatalog; path = Assets.xcassets; sourceTree = "<group>"; };
		F7ECA84A252B5CA300B42E74 /* Base */ = {isa = PBXFileReference; lastKnownFileType = file.storyboard; name = Base; path = Base.lproj/LaunchScreen.storyboard; sourceTree = "<group>"; };
		F7ECA84C252B5CA300B42E74 /* Info.plist */ = {isa = PBXFileReference; lastKnownFileType = text.plist.xml; path = Info.plist; sourceTree = "<group>"; };
		F7ECA851252B5CA300B42E74 /* Exercice_iOS_OZroudTests.xctest */ = {isa = PBXFileReference; explicitFileType = wrapper.cfbundle; includeInIndex = 0; path = Exercice_iOS_OZroudTests.xctest; sourceTree = BUILT_PRODUCTS_DIR; };
		F7ECA855252B5CA300B42E74 /* Exercice_iOS_OZroudTests.swift */ = {isa = PBXFileReference; lastKnownFileType = sourcecode.swift; path = Exercice_iOS_OZroudTests.swift; sourceTree = "<group>"; };
		F7ECA857252B5CA300B42E74 /* Info.plist */ = {isa = PBXFileReference; lastKnownFileType = text.plist.xml; path = Info.plist; sourceTree = "<group>"; };
		F7ECA861252B5E6100B42E74 /* APIRequest.swift */ = {isa = PBXFileReference; lastKnownFileType = sourcecode.swift; path = APIRequest.swift; sourceTree = "<group>"; };
		F7ECA863252B5E8F00B42E74 /* APIError.swift */ = {isa = PBXFileReference; lastKnownFileType = sourcecode.swift; path = APIError.swift; sourceTree = "<group>"; };
		F7ECA865252B5ECF00B42E74 /* APIManager.swift */ = {isa = PBXFileReference; lastKnownFileType = sourcecode.swift; path = APIManager.swift; sourceTree = "<group>"; };
		F7ECA867252B5F5500B42E74 /* Constants.swift */ = {isa = PBXFileReference; lastKnownFileType = sourcecode.swift; path = Constants.swift; sourceTree = "<group>"; };
		F7ECA86B252B5FD600B42E74 /* Item.swift */ = {isa = PBXFileReference; lastKnownFileType = sourcecode.swift; path = Item.swift; sourceTree = "<group>"; };
		F7ECA86D252B601500B42E74 /* ImageURL.swift */ = {isa = PBXFileReference; lastKnownFileType = sourcecode.swift; path = ImageURL.swift; sourceTree = "<group>"; };
		F7ECA86F252B603A00B42E74 /* Category.swift */ = {isa = PBXFileReference; lastKnownFileType = sourcecode.swift; path = Category.swift; sourceTree = "<group>"; };
		F7ECA873252B641500B42E74 /* ListItemRequest.swift */ = {isa = PBXFileReference; lastKnownFileType = sourcecode.swift; path = ListItemRequest.swift; sourceTree = "<group>"; };
		F7ECA875252B643500B42E74 /* ListCategoryRequest.swift */ = {isa = PBXFileReference; lastKnownFileType = sourcecode.swift; path = ListCategoryRequest.swift; sourceTree = "<group>"; };
		F7ECA87D252B6AD100B42E74 /* ListItemContract.swift */ = {isa = PBXFileReference; lastKnownFileType = sourcecode.swift; path = ListItemContract.swift; sourceTree = "<group>"; };
		F7ECA87F252B6B2000B42E74 /* ListItemViewController.swift */ = {isa = PBXFileReference; lastKnownFileType = sourcecode.swift; path = ListItemViewController.swift; sourceTree = "<group>"; };
		F7ECA881252B6B4E00B42E74 /* ListItemPresenter.swift */ = {isa = PBXFileReference; lastKnownFileType = sourcecode.swift; path = ListItemPresenter.swift; sourceTree = "<group>"; };
		F7ECA883252B6B6F00B42E74 /* ListItemRouter.swift */ = {isa = PBXFileReference; lastKnownFileType = sourcecode.swift; path = ListItemRouter.swift; sourceTree = "<group>"; };
		F7ECA885252B6B8C00B42E74 /* ListItemInteractor.swift */ = {isa = PBXFileReference; lastKnownFileType = sourcecode.swift; path = ListItemInteractor.swift; sourceTree = "<group>"; };
		F7ECA88A252B748E00B42E74 /* CommonCollectionView.swift */ = {isa = PBXFileReference; lastKnownFileType = sourcecode.swift; path = CommonCollectionView.swift; sourceTree = "<group>"; };
		F7ECA88C252B75E100B42E74 /* CategoryCollectionViewCell.swift */ = {isa = PBXFileReference; lastKnownFileType = sourcecode.swift; path = CategoryCollectionViewCell.swift; sourceTree = "<group>"; };
		F7ECA88E252B760800B42E74 /* ItemCollectionViewCell.swift */ = {isa = PBXFileReference; lastKnownFileType = sourcecode.swift; path = ItemCollectionViewCell.swift; sourceTree = "<group>"; };
		F7ECA891252B767E00B42E74 /* CommonLabel.swift */ = {isa = PBXFileReference; lastKnownFileType = sourcecode.swift; path = CommonLabel.swift; sourceTree = "<group>"; };
		F7ECA893252B7A4100B42E74 /* UIImage.swift */ = {isa = PBXFileReference; lastKnownFileType = sourcecode.swift; path = UIImage.swift; sourceTree = "<group>"; };
/* End PBXFileReference section */

/* Begin PBXFrameworksBuildPhase section */
		F7ECA838252B5C9F00B42E74 /* Frameworks */ = {
			isa = PBXFrameworksBuildPhase;
			buildActionMask = 2147483647;
			files = (
			);
			runOnlyForDeploymentPostprocessing = 0;
		};
		F7ECA84E252B5CA300B42E74 /* Frameworks */ = {
			isa = PBXFrameworksBuildPhase;
			buildActionMask = 2147483647;
			files = (
			);
			runOnlyForDeploymentPostprocessing = 0;
		};
/* End PBXFrameworksBuildPhase section */

/* Begin PBXGroup section */
		F772A305252BAF0B00A3F898 /* FilterItems */ = {
			isa = PBXGroup;
			children = (
				F772A306252BAF2F00A3F898 /* FilterListItemsProtocol.swift */,
				F772A308252BAF5500A3F898 /* FilterListItemManager.swift */,
			);
			path = FilterItems;
			sourceTree = "<group>";
		};
		F772A30E252BD0EF00A3F898 /* ItemDetails */ = {
			isa = PBXGroup;
			children = (
				F772A324252BDF3500A3F898 /* Interactor */,
				F772A31E252BD81400A3F898 /* Protocols */,
				F772A30F252BD0FF00A3F898 /* View */,
				F772A310252BD10900A3F898 /* Presenter */,
				F772A311252BD11500A3F898 /* Router */,
				F772A318252BD21B00A3F898 /* ItemDetailsContract.swift */,
			);
			path = ItemDetails;
			sourceTree = "<group>";
		};
		F772A30F252BD0FF00A3F898 /* View */ = {
			isa = PBXGroup;
			children = (
				F772A312252BD17600A3F898 /* ItemDetailsViewController.swift */,
			);
			path = View;
			sourceTree = "<group>";
		};
		F772A310252BD10900A3F898 /* Presenter */ = {
			isa = PBXGroup;
			children = (
				F772A314252BD19B00A3F898 /* ItemDetailsPresenter.swift */,
			);
			path = Presenter;
			sourceTree = "<group>";
		};
		F772A311252BD11500A3F898 /* Router */ = {
			isa = PBXGroup;
			children = (
				F772A316252BD1C800A3F898 /* ItemDetailsRouter.swift */,
			);
			path = Router;
			sourceTree = "<group>";
		};
		F772A31E252BD81400A3F898 /* Protocols */ = {
			isa = PBXGroup;
			children = (
				F772A31F252BD82900A3F898 /* ItemDetailsAdapter */,
			);
			path = Protocols;
			sourceTree = "<group>";
		};
		F772A31F252BD82900A3F898 /* ItemDetailsAdapter */ = {
			isa = PBXGroup;
			children = (
				F772A320252BD85500A3F898 /* ItemDetailsAdapterProtocol.swift */,
				F772A322252BD88500A3F898 /* ItemDetailsAdapterManager.swift */,
			);
			path = ItemDetailsAdapter;
			sourceTree = "<group>";
		};
		F772A324252BDF3500A3F898 /* Interactor */ = {
			isa = PBXGroup;
			children = (
				F772A325252BDF4900A3F898 /* ItemDetailsInteractor.swift */,
			);
			path = Interactor;
			sourceTree = "<group>";
		};
		F7B86D8A252B93E2006C3ACE /* Protocols */ = {
			isa = PBXGroup;
			children = (
				F772A305252BAF0B00A3F898 /* FilterItems */,
				F7B86D92252BAC2F006C3ACE /* ListItemsAdapter */,
				F7B86D8D252B9436006C3ACE /* SortItems */,
			);
			path = Protocols;
			sourceTree = "<group>";
		};
		F7B86D8D252B9436006C3ACE /* SortItems */ = {
			isa = PBXGroup;
			children = (
				F7B86D8B252B940E006C3ACE /* SortItemsProtocol.swift */,
				F7B86D8E252B9455006C3ACE /* SortItemsManager.swift */,
			);
			path = SortItems;
			sourceTree = "<group>";
		};
		F7B86D92252BAC2F006C3ACE /* ListItemsAdapter */ = {
			isa = PBXGroup;
			children = (
				F7B86D93252BAC84006C3ACE /* ListItemsAdapterProtocol.swift */,
				F7B86D95252BACAC006C3ACE /* ListItemsAdapterManager.swift */,
			);
			path = ListItemsAdapter;
			sourceTree = "<group>";
		};
		F7ECA832252B5C9F00B42E74 = {
			isa = PBXGroup;
			children = (
				F7ECA83D252B5C9F00B42E74 /* Exercice_iOS_OZroud */,
				F7ECA854252B5CA300B42E74 /* Exercice_iOS_OZroudTests */,
				F7ECA83C252B5C9F00B42E74 /* Products */,
			);
			sourceTree = "<group>";
		};
		F7ECA83C252B5C9F00B42E74 /* Products */ = {
			isa = PBXGroup;
			children = (
				F7ECA83B252B5C9F00B42E74 /* Exercice_iOS_OZroud.app */,
				F7ECA851252B5CA300B42E74 /* Exercice_iOS_OZroudTests.xctest */,
			);
			name = Products;
			sourceTree = "<group>";
		};
		F7ECA83D252B5C9F00B42E74 /* Exercice_iOS_OZroud */ = {
			isa = PBXGroup;
			children = (
				F7ECA890252B764000B42E74 /* Common */,
				F7ECA872252B62B600B42E74 /* Extensions */,
				F7ECA871252B62A300B42E74 /* Modules */,
				F7ECA86A252B5FB400B42E74 /* Entities */,
				F7ECA860252B5DD400B42E74 /* Service */,
				F7ECA83E252B5C9F00B42E74 /* AppDelegate.swift */,
				F7ECA840252B5C9F00B42E74 /* SceneDelegate.swift */,
				F7ECA844252B5C9F00B42E74 /* Main.storyboard */,
				F7ECA847252B5CA300B42E74 /* Assets.xcassets */,
				F7ECA849252B5CA300B42E74 /* LaunchScreen.storyboard */,
				F7ECA84C252B5CA300B42E74 /* Info.plist */,
				F7ECA867252B5F5500B42E74 /* Constants.swift */,
			);
			path = Exercice_iOS_OZroud;
			sourceTree = "<group>";
		};
		F7ECA854252B5CA300B42E74 /* Exercice_iOS_OZroudTests */ = {
			isa = PBXGroup;
			children = (
				F7ECA855252B5CA300B42E74 /* Exercice_iOS_OZroudTests.swift */,
				F7ECA857252B5CA300B42E74 /* Info.plist */,
			);
			path = Exercice_iOS_OZroudTests;
			sourceTree = "<group>";
		};
		F7ECA860252B5DD400B42E74 /* Service */ = {
			isa = PBXGroup;
			children = (
				F7ECA869252B5F9600B42E74 /* CoreService */,
				F7ECA873252B641500B42E74 /* ListItemRequest.swift */,
				F7ECA875252B643500B42E74 /* ListCategoryRequest.swift */,
			);
			path = Service;
			sourceTree = "<group>";
		};
		F7ECA869252B5F9600B42E74 /* CoreService */ = {
			isa = PBXGroup;
			children = (
				F7ECA861252B5E6100B42E74 /* APIRequest.swift */,
				F7ECA865252B5ECF00B42E74 /* APIManager.swift */,
				F7ECA863252B5E8F00B42E74 /* APIError.swift */,
			);
			path = CoreService;
			sourceTree = "<group>";
		};
		F7ECA86A252B5FB400B42E74 /* Entities */ = {
			isa = PBXGroup;
			children = (
				F7ECA86B252B5FD600B42E74 /* Item.swift */,
				F7ECA86D252B601500B42E74 /* ImageURL.swift */,
				F7ECA86F252B603A00B42E74 /* Category.swift */,
			);
			path = Entities;
			sourceTree = "<group>";
		};
		F7ECA871252B62A300B42E74 /* Modules */ = {
			isa = PBXGroup;
			children = (
				F7ECA877252B69F600B42E74 /* ListItem */,
				F772A30E252BD0EF00A3F898 /* ItemDetails */,
			);
			path = Modules;
			sourceTree = "<group>";
		};
		F7ECA872252B62B600B42E74 /* Extensions */ = {
			isa = PBXGroup;
			children = (
				F7ECA893252B7A4100B42E74 /* UIImage.swift */,
				F7B86D90252B9486006C3ACE /* String.swift */,
				F7B86D97252BAD20006C3ACE /* Date.swift */,
				F7B86D99252BAD42006C3ACE /* Double.swift */,
				F772A30C252BC3C300A3F898 /* UIView.swift */,
				F772A327252BE90300A3F898 /* UIViewController.swift */,
			);
			path = Extensions;
			sourceTree = "<group>";
		};
		F7ECA877252B69F600B42E74 /* ListItem */ = {
			isa = PBXGroup;
			children = (
				F7B86D8A252B93E2006C3ACE /* Protocols */,
				F7ECA87C252B6A4500B42E74 /* View */,
				F7ECA87B252B6A3900B42E74 /* Presenter */,
				F7ECA878252B6A0700B42E74 /* Router */,
				F7ECA879252B6A1100B42E74 /* Interactor */,
				F7ECA87A252B6A2900B42E74 /* Worker */,
				F7ECA87D252B6AD100B42E74 /* ListItemContract.swift */,
			);
			path = ListItem;
			sourceTree = "<group>";
		};
		F7ECA878252B6A0700B42E74 /* Router */ = {
			isa = PBXGroup;
			children = (
				F7ECA883252B6B6F00B42E74 /* ListItemRouter.swift */,
			);
			path = Router;
			sourceTree = "<group>";
		};
		F7ECA879252B6A1100B42E74 /* Interactor */ = {
			isa = PBXGroup;
			children = (
				F7ECA885252B6B8C00B42E74 /* ListItemInteractor.swift */,
			);
			path = Interactor;
			sourceTree = "<group>";
		};
		F7ECA87A252B6A2900B42E74 /* Worker */ = {
			isa = PBXGroup;
			children = (
				F7B86D86252B8572006C3ACE /* CategoryRemoteWorker.swift */,
				F7B86D88252B859D006C3ACE /* ItemRemoteWorker.swift */,
			);
			path = Worker;
			sourceTree = "<group>";
		};
		F7ECA87B252B6A3900B42E74 /* Presenter */ = {
			isa = PBXGroup;
			children = (
				F7ECA881252B6B4E00B42E74 /* ListItemPresenter.swift */,
			);
			path = Presenter;
			sourceTree = "<group>";
		};
		F7ECA87C252B6A4500B42E74 /* View */ = {
			isa = PBXGroup;
			children = (
				F7ECA897252B7E0100B42E74 /* ViewController */,
				F7ECA889252B746C00B42E74 /* UI */,
			);
			path = View;
			sourceTree = "<group>";
		};
		F7ECA889252B746C00B42E74 /* UI */ = {
			isa = PBXGroup;
			children = (
				F7ECA896252B7DC700B42E74 /* CollectionViewCell */,
				F7ECA895252B7DA700B42E74 /* CollectionView */,
			);
			path = UI;
			sourceTree = "<group>";
		};
		F7ECA890252B764000B42E74 /* Common */ = {
			isa = PBXGroup;
			children = (
				F7ECA891252B767E00B42E74 /* CommonLabel.swift */,
				F772A31A252BD58E00A3F898 /* StaticLabel.swift */,
				F772A31C252BD5C400A3F898 /* SeparatorView.swift */,
			);
			path = Common;
			sourceTree = "<group>";
		};
		F7ECA895252B7DA700B42E74 /* CollectionView */ = {
			isa = PBXGroup;
			children = (
				F7ECA88A252B748E00B42E74 /* CommonCollectionView.swift */,
			);
			path = CollectionView;
			sourceTree = "<group>";
		};
		F7ECA896252B7DC700B42E74 /* CollectionViewCell */ = {
			isa = PBXGroup;
			children = (
				F7ECA88C252B75E100B42E74 /* CategoryCollectionViewCell.swift */,
				F7ECA88E252B760800B42E74 /* ItemCollectionViewCell.swift */,
			);
			path = CollectionViewCell;
			sourceTree = "<group>";
		};
		F7ECA897252B7E0100B42E74 /* ViewController */ = {
			isa = PBXGroup;
			children = (
				F7ECA87F252B6B2000B42E74 /* ListItemViewController.swift */,
			);
			path = ViewController;
			sourceTree = "<group>";
		};
/* End PBXGroup section */

/* Begin PBXNativeTarget section */
		F7ECA83A252B5C9F00B42E74 /* Exercice_iOS_OZroud */ = {
			isa = PBXNativeTarget;
			buildConfigurationList = F7ECA85A252B5CA300B42E74 /* Build configuration list for PBXNativeTarget "Exercice_iOS_OZroud" */;
			buildPhases = (
				F7ECA837252B5C9F00B42E74 /* Sources */,
				F7ECA838252B5C9F00B42E74 /* Frameworks */,
				F7ECA839252B5C9F00B42E74 /* Resources */,
			);
			buildRules = (
			);
			dependencies = (
			);
			name = Exercice_iOS_OZroud;
			productName = Exercice_iOS_OZroud;
			productReference = F7ECA83B252B5C9F00B42E74 /* Exercice_iOS_OZroud.app */;
			productType = "com.apple.product-type.application";
		};
		F7ECA850252B5CA300B42E74 /* Exercice_iOS_OZroudTests */ = {
			isa = PBXNativeTarget;
			buildConfigurationList = F7ECA85D252B5CA300B42E74 /* Build configuration list for PBXNativeTarget "Exercice_iOS_OZroudTests" */;
			buildPhases = (
				F7ECA84D252B5CA300B42E74 /* Sources */,
				F7ECA84E252B5CA300B42E74 /* Frameworks */,
				F7ECA84F252B5CA300B42E74 /* Resources */,
			);
			buildRules = (
			);
			dependencies = (
				F7ECA853252B5CA300B42E74 /* PBXTargetDependency */,
			);
			name = Exercice_iOS_OZroudTests;
			productName = Exercice_iOS_OZroudTests;
			productReference = F7ECA851252B5CA300B42E74 /* Exercice_iOS_OZroudTests.xctest */;
			productType = "com.apple.product-type.bundle.unit-test";
		};
/* End PBXNativeTarget section */

/* Begin PBXProject section */
		F7ECA833252B5C9F00B42E74 /* Project object */ = {
			isa = PBXProject;
			attributes = {
				LastSwiftUpdateCheck = 1170;
				LastUpgradeCheck = 1170;
				ORGANIZATIONNAME = "Oussama Zroud";
				TargetAttributes = {
					F7ECA83A252B5C9F00B42E74 = {
						CreatedOnToolsVersion = 11.7;
					};
					F7ECA850252B5CA300B42E74 = {
						CreatedOnToolsVersion = 11.7;
						TestTargetID = F7ECA83A252B5C9F00B42E74;
					};
				};
			};
			buildConfigurationList = F7ECA836252B5C9F00B42E74 /* Build configuration list for PBXProject "Exercice_iOS_OZroud" */;
			compatibilityVersion = "Xcode 9.3";
			developmentRegion = en;
			hasScannedForEncodings = 0;
			knownRegions = (
				en,
				Base,
			);
			mainGroup = F7ECA832252B5C9F00B42E74;
			productRefGroup = F7ECA83C252B5C9F00B42E74 /* Products */;
			projectDirPath = "";
			projectRoot = "";
			targets = (
				F7ECA83A252B5C9F00B42E74 /* Exercice_iOS_OZroud */,
				F7ECA850252B5CA300B42E74 /* Exercice_iOS_OZroudTests */,
			);
		};
/* End PBXProject section */

/* Begin PBXResourcesBuildPhase section */
		F7ECA839252B5C9F00B42E74 /* Resources */ = {
			isa = PBXResourcesBuildPhase;
			buildActionMask = 2147483647;
			files = (
				F7ECA84B252B5CA300B42E74 /* LaunchScreen.storyboard in Resources */,
				F7ECA848252B5CA300B42E74 /* Assets.xcassets in Resources */,
				F7ECA846252B5C9F00B42E74 /* Main.storyboard in Resources */,
			);
			runOnlyForDeploymentPostprocessing = 0;
		};
		F7ECA84F252B5CA300B42E74 /* Resources */ = {
			isa = PBXResourcesBuildPhase;
			buildActionMask = 2147483647;
			files = (
			);
			runOnlyForDeploymentPostprocessing = 0;
		};
/* End PBXResourcesBuildPhase section */

/* Begin PBXSourcesBuildPhase section */
		F7ECA837252B5C9F00B42E74 /* Sources */ = {
			isa = PBXSourcesBuildPhase;
			buildActionMask = 2147483647;
			files = (
				F7B86D8C252B940E006C3ACE /* SortItemsProtocol.swift in Sources */,
				F7B86D98252BAD20006C3ACE /* Date.swift in Sources */,
				F772A31D252BD5C400A3F898 /* SeparatorView.swift in Sources */,
				F7ECA886252B6B8C00B42E74 /* ListItemInteractor.swift in Sources */,
				F7B86D94252BAC84006C3ACE /* ListItemsAdapterProtocol.swift in Sources */,
				F772A309252BAF5500A3F898 /* FilterListItemManager.swift in Sources */,
				F7ECA894252B7A4100B42E74 /* UIImage.swift in Sources */,
				F7B86D91252B9486006C3ACE /* String.swift in Sources */,
				F7ECA87E252B6AD100B42E74 /* ListItemContract.swift in Sources */,
				F772A30D252BC3C300A3F898 /* UIView.swift in Sources */,
				F7B86D9A252BAD42006C3ACE /* Double.swift in Sources */,
				F772A315252BD19B00A3F898 /* ItemDetailsPresenter.swift in Sources */,
				F7ECA892252B767E00B42E74 /* CommonLabel.swift in Sources */,
				F7ECA866252B5ECF00B42E74 /* APIManager.swift in Sources */,
				F772A328252BE90300A3F898 /* UIViewController.swift in Sources */,
				F772A319252BD21B00A3F898 /* ItemDetailsContract.swift in Sources */,
				F772A313252BD17600A3F898 /* ItemDetailsViewController.swift in Sources */,
				F7ECA870252B603A00B42E74 /* Category.swift in Sources */,
				F7ECA874252B641500B42E74 /* ListItemRequest.swift in Sources */,
				F7ECA88F252B760800B42E74 /* ItemCollectionViewCell.swift in Sources */,
				F772A317252BD1C800A3F898 /* ItemDetailsRouter.swift in Sources */,
				F772A307252BAF2F00A3F898 /* FilterListItemsProtocol.swift in Sources */,
				F7ECA83F252B5C9F00B42E74 /* AppDelegate.swift in Sources */,
				F7ECA86E252B601500B42E74 /* ImageURL.swift in Sources */,
				F7ECA882252B6B4E00B42E74 /* ListItemPresenter.swift in Sources */,
				F7ECA862252B5E6100B42E74 /* APIRequest.swift in Sources */,
				F7ECA88D252B75E100B42E74 /* CategoryCollectionViewCell.swift in Sources */,
				F7ECA876252B643500B42E74 /* ListCategoryRequest.swift in Sources */,
				F772A326252BDF4900A3F898 /* ItemDetailsInteractor.swift in Sources */,
				F7ECA88B252B748E00B42E74 /* CommonCollectionView.swift in Sources */,
				F7ECA86C252B5FD600B42E74 /* Item.swift in Sources */,
				F7B86D96252BACAC006C3ACE /* ListItemsAdapterManager.swift in Sources */,
				F7B86D87252B8572006C3ACE /* CategoryRemoteWorker.swift in Sources */,
				F7ECA884252B6B6F00B42E74 /* ListItemRouter.swift in Sources */,
				F772A31B252BD58E00A3F898 /* StaticLabel.swift in Sources */,
				F7ECA868252B5F5500B42E74 /* Constants.swift in Sources */,
				F7ECA880252B6B2000B42E74 /* ListItemViewController.swift in Sources */,
				F7B86D8F252B9455006C3ACE /* SortItemsManager.swift in Sources */,
				F772A323252BD88500A3F898 /* ItemDetailsAdapterManager.swift in Sources */,
				F7ECA864252B5E8F00B42E74 /* APIError.swift in Sources */,
				F772A321252BD85500A3F898 /* ItemDetailsAdapterProtocol.swift in Sources */,
				F7B86D89252B859D006C3ACE /* ItemRemoteWorker.swift in Sources */,
				F7ECA841252B5C9F00B42E74 /* SceneDelegate.swift in Sources */,
			);
			runOnlyForDeploymentPostprocessing = 0;
		};
		F7ECA84D252B5CA300B42E74 /* Sources */ = {
			isa = PBXSourcesBuildPhase;
			buildActionMask = 2147483647;
			files = (
				F7ECA856252B5CA300B42E74 /* Exercice_iOS_OZroudTests.swift in Sources */,
			);
			runOnlyForDeploymentPostprocessing = 0;
		};
/* End PBXSourcesBuildPhase section */

/* Begin PBXTargetDependency section */
		F7ECA853252B5CA300B42E74 /* PBXTargetDependency */ = {
			isa = PBXTargetDependency;
			target = F7ECA83A252B5C9F00B42E74 /* Exercice_iOS_OZroud */;
			targetProxy = F7ECA852252B5CA300B42E74 /* PBXContainerItemProxy */;
		};
/* End PBXTargetDependency section */

/* Begin PBXVariantGroup section */
		F7ECA844252B5C9F00B42E74 /* Main.storyboard */ = {
			isa = PBXVariantGroup;
			children = (
				F7ECA845252B5C9F00B42E74 /* Base */,
			);
			name = Main.storyboard;
			sourceTree = "<group>";
		};
		F7ECA849252B5CA300B42E74 /* LaunchScreen.storyboard */ = {
			isa = PBXVariantGroup;
			children = (
				F7ECA84A252B5CA300B42E74 /* Base */,
			);
			name = LaunchScreen.storyboard;
			sourceTree = "<group>";
		};
/* End PBXVariantGroup section */

/* Begin XCBuildConfiguration section */
		F7ECA858252B5CA300B42E74 /* Debug */ = {
			isa = XCBuildConfiguration;
			buildSettings = {
				ALWAYS_SEARCH_USER_PATHS = NO;
				CLANG_ANALYZER_NONNULL = YES;
				CLANG_ANALYZER_NUMBER_OBJECT_CONVERSION = YES_AGGRESSIVE;
				CLANG_CXX_LANGUAGE_STANDARD = "gnu++14";
				CLANG_CXX_LIBRARY = "libc++";
				CLANG_ENABLE_MODULES = YES;
				CLANG_ENABLE_OBJC_ARC = YES;
				CLANG_ENABLE_OBJC_WEAK = YES;
				CLANG_WARN_BLOCK_CAPTURE_AUTORELEASING = YES;
				CLANG_WARN_BOOL_CONVERSION = YES;
				CLANG_WARN_COMMA = YES;
				CLANG_WARN_CONSTANT_CONVERSION = YES;
				CLANG_WARN_DEPRECATED_OBJC_IMPLEMENTATIONS = YES;
				CLANG_WARN_DIRECT_OBJC_ISA_USAGE = YES_ERROR;
				CLANG_WARN_DOCUMENTATION_COMMENTS = YES;
				CLANG_WARN_EMPTY_BODY = YES;
				CLANG_WARN_ENUM_CONVERSION = YES;
				CLANG_WARN_INFINITE_RECURSION = YES;
				CLANG_WARN_INT_CONVERSION = YES;
				CLANG_WARN_NON_LITERAL_NULL_CONVERSION = YES;
				CLANG_WARN_OBJC_IMPLICIT_RETAIN_SELF = YES;
				CLANG_WARN_OBJC_LITERAL_CONVERSION = YES;
				CLANG_WARN_OBJC_ROOT_CLASS = YES_ERROR;
				CLANG_WARN_RANGE_LOOP_ANALYSIS = YES;
				CLANG_WARN_STRICT_PROTOTYPES = YES;
				CLANG_WARN_SUSPICIOUS_MOVE = YES;
				CLANG_WARN_UNGUARDED_AVAILABILITY = YES_AGGRESSIVE;
				CLANG_WARN_UNREACHABLE_CODE = YES;
				CLANG_WARN__DUPLICATE_METHOD_MATCH = YES;
				COPY_PHASE_STRIP = NO;
				DEBUG_INFORMATION_FORMAT = dwarf;
				ENABLE_STRICT_OBJC_MSGSEND = YES;
				ENABLE_TESTABILITY = YES;
				GCC_C_LANGUAGE_STANDARD = gnu11;
				GCC_DYNAMIC_NO_PIC = NO;
				GCC_NO_COMMON_BLOCKS = YES;
				GCC_OPTIMIZATION_LEVEL = 0;
				GCC_PREPROCESSOR_DEFINITIONS = (
					"DEBUG=1",
					"$(inherited)",
				);
				GCC_WARN_64_TO_32_BIT_CONVERSION = YES;
				GCC_WARN_ABOUT_RETURN_TYPE = YES_ERROR;
				GCC_WARN_UNDECLARED_SELECTOR = YES;
				GCC_WARN_UNINITIALIZED_AUTOS = YES_AGGRESSIVE;
				GCC_WARN_UNUSED_FUNCTION = YES;
				GCC_WARN_UNUSED_VARIABLE = YES;
				IPHONEOS_DEPLOYMENT_TARGET = 11.0;
				MTL_ENABLE_DEBUG_INFO = INCLUDE_SOURCE;
				MTL_FAST_MATH = YES;
				ONLY_ACTIVE_ARCH = YES;
				SDKROOT = iphoneos;
				SWIFT_ACTIVE_COMPILATION_CONDITIONS = DEBUG;
				SWIFT_OPTIMIZATION_LEVEL = "-Onone";
				TARGETED_DEVICE_FAMILY = "1,2";
			};
			name = Debug;
		};
		F7ECA859252B5CA300B42E74 /* Release */ = {
			isa = XCBuildConfiguration;
			buildSettings = {
				ALWAYS_SEARCH_USER_PATHS = NO;
				CLANG_ANALYZER_NONNULL = YES;
				CLANG_ANALYZER_NUMBER_OBJECT_CONVERSION = YES_AGGRESSIVE;
				CLANG_CXX_LANGUAGE_STANDARD = "gnu++14";
				CLANG_CXX_LIBRARY = "libc++";
				CLANG_ENABLE_MODULES = YES;
				CLANG_ENABLE_OBJC_ARC = YES;
				CLANG_ENABLE_OBJC_WEAK = YES;
				CLANG_WARN_BLOCK_CAPTURE_AUTORELEASING = YES;
				CLANG_WARN_BOOL_CONVERSION = YES;
				CLANG_WARN_COMMA = YES;
				CLANG_WARN_CONSTANT_CONVERSION = YES;
				CLANG_WARN_DEPRECATED_OBJC_IMPLEMENTATIONS = YES;
				CLANG_WARN_DIRECT_OBJC_ISA_USAGE = YES_ERROR;
				CLANG_WARN_DOCUMENTATION_COMMENTS = YES;
				CLANG_WARN_EMPTY_BODY = YES;
				CLANG_WARN_ENUM_CONVERSION = YES;
				CLANG_WARN_INFINITE_RECURSION = YES;
				CLANG_WARN_INT_CONVERSION = YES;
				CLANG_WARN_NON_LITERAL_NULL_CONVERSION = YES;
				CLANG_WARN_OBJC_IMPLICIT_RETAIN_SELF = YES;
				CLANG_WARN_OBJC_LITERAL_CONVERSION = YES;
				CLANG_WARN_OBJC_ROOT_CLASS = YES_ERROR;
				CLANG_WARN_RANGE_LOOP_ANALYSIS = YES;
				CLANG_WARN_STRICT_PROTOTYPES = YES;
				CLANG_WARN_SUSPICIOUS_MOVE = YES;
				CLANG_WARN_UNGUARDED_AVAILABILITY = YES_AGGRESSIVE;
				CLANG_WARN_UNREACHABLE_CODE = YES;
				CLANG_WARN__DUPLICATE_METHOD_MATCH = YES;
				COPY_PHASE_STRIP = NO;
				DEBUG_INFORMATION_FORMAT = "dwarf-with-dsym";
				ENABLE_NS_ASSERTIONS = NO;
				ENABLE_STRICT_OBJC_MSGSEND = YES;
				GCC_C_LANGUAGE_STANDARD = gnu11;
				GCC_NO_COMMON_BLOCKS = YES;
				GCC_WARN_64_TO_32_BIT_CONVERSION = YES;
				GCC_WARN_ABOUT_RETURN_TYPE = YES_ERROR;
				GCC_WARN_UNDECLARED_SELECTOR = YES;
				GCC_WARN_UNINITIALIZED_AUTOS = YES_AGGRESSIVE;
				GCC_WARN_UNUSED_FUNCTION = YES;
				GCC_WARN_UNUSED_VARIABLE = YES;
				IPHONEOS_DEPLOYMENT_TARGET = 11.0;
				MTL_ENABLE_DEBUG_INFO = NO;
				MTL_FAST_MATH = YES;
				SDKROOT = iphoneos;
				SWIFT_COMPILATION_MODE = wholemodule;
				SWIFT_OPTIMIZATION_LEVEL = "-O";
				TARGETED_DEVICE_FAMILY = "1,2";
				VALIDATE_PRODUCT = YES;
			};
			name = Release;
		};
		F7ECA85B252B5CA300B42E74 /* Debug */ = {
			isa = XCBuildConfiguration;
			buildSettings = {
				ASSETCATALOG_COMPILER_APPICON_NAME = AppIcon;
				CODE_SIGN_STYLE = Automatic;
				DEVELOPMENT_TEAM = HTUHD73989;
				INFOPLIST_FILE = Exercice_iOS_OZroud/Info.plist;
				LD_RUNPATH_SEARCH_PATHS = (
					"$(inherited)",
					"@executable_path/Frameworks",
				);
				PRODUCT_BUNDLE_IDENTIFIER = "com.exemple.Exercice-iOS-OZroud";
				PRODUCT_NAME = "$(TARGET_NAME)";
				SWIFT_VERSION = 5.0;
				TARGETED_DEVICE_FAMILY = "1,2";
			};
			name = Debug;
		};
		F7ECA85C252B5CA300B42E74 /* Release */ = {
			isa = XCBuildConfiguration;
			buildSettings = {
				ASSETCATALOG_COMPILER_APPICON_NAME = AppIcon;
				CODE_SIGN_STYLE = Automatic;
				DEVELOPMENT_TEAM = HTUHD73989;
				INFOPLIST_FILE = Exercice_iOS_OZroud/Info.plist;
				LD_RUNPATH_SEARCH_PATHS = (
					"$(inherited)",
					"@executable_path/Frameworks",
				);
				PRODUCT_BUNDLE_IDENTIFIER = "com.exemple.Exercice-iOS-OZroud";
				PRODUCT_NAME = "$(TARGET_NAME)";
				SWIFT_VERSION = 5.0;
				TARGETED_DEVICE_FAMILY = "1,2";
			};
			name = Release;
		};
		F7ECA85E252B5CA300B42E74 /* Debug */ = {
			isa = XCBuildConfiguration;
			buildSettings = {
				ALWAYS_EMBED_SWIFT_STANDARD_LIBRARIES = YES;
				BUNDLE_LOADER = "$(TEST_HOST)";
				CODE_SIGN_STYLE = Automatic;
				DEVELOPMENT_TEAM = HTUHD73989;
				INFOPLIST_FILE = Exercice_iOS_OZroudTests/Info.plist;
				IPHONEOS_DEPLOYMENT_TARGET = 13.7;
				LD_RUNPATH_SEARCH_PATHS = (
					"$(inherited)",
					"@executable_path/Frameworks",
					"@loader_path/Frameworks",
				);
				PRODUCT_BUNDLE_IDENTIFIER = "com.exemple.Exercice-iOS-OZroudTests";
				PRODUCT_NAME = "$(TARGET_NAME)";
				SWIFT_VERSION = 5.0;
				TARGETED_DEVICE_FAMILY = "1,2";
				TEST_HOST = "$(BUILT_PRODUCTS_DIR)/Exercice_iOS_OZroud.app/Exercice_iOS_OZroud";
			};
			name = Debug;
		};
		F7ECA85F252B5CA300B42E74 /* Release */ = {
			isa = XCBuildConfiguration;
			buildSettings = {
				ALWAYS_EMBED_SWIFT_STANDARD_LIBRARIES = YES;
				BUNDLE_LOADER = "$(TEST_HOST)";
				CODE_SIGN_STYLE = Automatic;
				DEVELOPMENT_TEAM = HTUHD73989;
				INFOPLIST_FILE = Exercice_iOS_OZroudTests/Info.plist;
				IPHONEOS_DEPLOYMENT_TARGET = 13.7;
				LD_RUNPATH_SEARCH_PATHS = (
					"$(inherited)",
					"@executable_path/Frameworks",
					"@loader_path/Frameworks",
				);
				PRODUCT_BUNDLE_IDENTIFIER = "com.exemple.Exercice-iOS-OZroudTests";
				PRODUCT_NAME = "$(TARGET_NAME)";
				SWIFT_VERSION = 5.0;
				TARGETED_DEVICE_FAMILY = "1,2";
				TEST_HOST = "$(BUILT_PRODUCTS_DIR)/Exercice_iOS_OZroud.app/Exercice_iOS_OZroud";
			};
			name = Release;
		};
/* End XCBuildConfiguration section */

/* Begin XCConfigurationList section */
		F7ECA836252B5C9F00B42E74 /* Build configuration list for PBXProject "Exercice_iOS_OZroud" */ = {
			isa = XCConfigurationList;
			buildConfigurations = (
				F7ECA858252B5CA300B42E74 /* Debug */,
				F7ECA859252B5CA300B42E74 /* Release */,
			);
			defaultConfigurationIsVisible = 0;
			defaultConfigurationName = Release;
		};
		F7ECA85A252B5CA300B42E74 /* Build configuration list for PBXNativeTarget "Exercice_iOS_OZroud" */ = {
			isa = XCConfigurationList;
			buildConfigurations = (
				F7ECA85B252B5CA300B42E74 /* Debug */,
				F7ECA85C252B5CA300B42E74 /* Release */,
			);
			defaultConfigurationIsVisible = 0;
			defaultConfigurationName = Release;
		};
		F7ECA85D252B5CA300B42E74 /* Build configuration list for PBXNativeTarget "Exercice_iOS_OZroudTests" */ = {
			isa = XCConfigurationList;
			buildConfigurations = (
				F7ECA85E252B5CA300B42E74 /* Debug */,
				F7ECA85F252B5CA300B42E74 /* Release */,
			);
			defaultConfigurationIsVisible = 0;
			defaultConfigurationName = Release;
		};
/* End XCConfigurationList section */
	};
	rootObject = F7ECA833252B5C9F00B42E74 /* Project object */;
}
